
Microsoft Visual Studio Solution File, Format Version 12.00
# Visual Studio 15
VisualStudioVersion = 15.0.28307.271
MinimumVisualStudioVersion = 10.0.40219.1
Project("{FAE04EC0-301F-11D3-BF4B-00C04F79EFBC}") = "BasketballTickets", "BasketballTickets\BasketballTickets.csproj", "{BB12FCA7-3A40-482E-84C4-ACCC2D0B2B42}"
EndProject
Global
	GlobalSection(SolutionConfigurationPlatforms) = preSolution
		Debug|Any CPU = Debug|Any CPU
		Release|Any CPU = Release|Any CPU
	EndGlobalSection
	GlobalSection(ProjectConfigurationPlatforms) = postSolution
		{BB12FCA7-3A40-482E-84C4-ACCC2D0B2B42}.Debug|Any CPU.ActiveCfg = Debug|Any CPU
		{BB12FCA7-3A40-482E-84C4-ACCC2D0B2B42}.Debug|Any CPU.Build.0 = Debug|Any CPU
		{BB12FCA7-3A40-482E-84C4-ACCC2D0B2B42}.Release|Any CPU.ActiveCfg = Release|Any CPU
		{BB12FCA7-3A40-482E-84C4-ACCC2D0B2B42}.Release|Any CPU.Build.0 = Release|Any CPU
	EndGlobalSection
	GlobalSection(SolutionProperties) = preSolution
		HideSolutionNode = FALSE
	EndGlobalSection
	GlobalSection(ExtensibilityGlobals) = postSolution
		SolutionGuid = {E3225EB9-7C48-4D60-9433-3AE914836F8D}
	EndGlobalSection
EndGlobal
